
Microsoft Visual Studio Solution File, Format Version 11.00
# Visual Studio 2010
Project("{FAE04EC0-301F-11D3-BF4B-00C04F79EFBC}") = "ConfigAdmin", "ConfigAdmin\ConfigAdmin.csproj", "{21B0704C-899C-4BE3-A40E-E77E50F4D7EA}"
EndProject
Global
	GlobalSection(SolutionConfigurationPlatforms) = preSolution
		Debug|Any CPU = Debug|Any CPU
		Release|Any CPU = Release|Any CPU
		Staging|Any CPU = Staging|Any CPU
	EndGlobalSection
	GlobalSection(ProjectConfigurationPlatforms) = postSolution
		{21B0704C-899C-4BE3-A40E-E77E50F4D7EA}.Debug|Any CPU.ActiveCfg = Debug|Any CPU
		{21B0704C-899C-4BE3-A40E-E77E50F4D7EA}.Debug|Any CPU.Build.0 = Debug|Any CPU
		{21B0704C-899C-4BE3-A40E-E77E50F4D7EA}.Release|Any CPU.ActiveCfg = Release|Any CPU
		{21B0704C-899C-4BE3-A40E-E77E50F4D7EA}.Release|Any CPU.Build.0 = Release|Any CPU
		{21B0704C-899C-4BE3-A40E-E77E50F4D7EA}.Staging|Any CPU.ActiveCfg = Staging|Any CPU
		{21B0704C-899C-4BE3-A40E-E77E50F4D7EA}.Staging|Any CPU.Build.0 = Staging|Any CPU
	EndGlobalSection
	GlobalSection(SolutionProperties) = preSolution
		HideSolutionNode = FALSE
	EndGlobalSection
EndGlobal
